// !$*UTF8*$!
{
	archiveVersion = 1;
	classes = {
	};
	objectVersion = 77;
	objects = {

/* Begin PBXBuildFile section */
		924664C12D8D702000A41E62 /* Kingfisher in Frameworks */ = {isa = PBXBuildFile; productRef = 924664C02D8D702000A41E62 /* Kingfisher */; };
/* End PBXBuildFile section */

/* Begin PBXContainerItemProxy section */
		924664A32D8D6AB100A41E62 /* PBXContainerItemProxy */ = {
			isa = PBXContainerItemProxy;
			containerPortal = 9246648A2D8D6AA800A41E62 /* Project object */;
			proxyType = 1;
			remoteGlobalIDString = 924664912D8D6AA800A41E62;
			remoteInfo = USTopHeadLinesNews;
		};
		924664AD2D8D6AB100A41E62 /* PBXContainerItemProxy */ = {
			isa = PBXContainerItemProxy;
			containerPortal = 9246648A2D8D6AA800A41E62 /* Project object */;
			proxyType = 1;
			remoteGlobalIDString = 924664912D8D6AA800A41E62;
			remoteInfo = USTopHeadLinesNews;
		};
/* End PBXContainerItemProxy section */

/* Begin PBXFileReference section */
		924664922D8D6AA800A41E62 /* USTopHeadLinesNews.app */ = {isa = PBXFileReference; explicitFileType = wrapper.application; includeInIndex = 0; path = USTopHeadLinesNews.app; sourceTree = BUILT_PRODUCTS_DIR; };
		924664A22D8D6AB100A41E62 /* USTopHeadLinesNewsTests.xctest */ = {isa = PBXFileReference; explicitFileType = wrapper.cfbundle; includeInIndex = 0; path = USTopHeadLinesNewsTests.xctest; sourceTree = BUILT_PRODUCTS_DIR; };
		924664AC2D8D6AB100A41E62 /* USTopHeadLinesNewsUITests.xctest */ = {isa = PBXFileReference; explicitFileType = wrapper.cfbundle; includeInIndex = 0; path = USTopHeadLinesNewsUITests.xctest; sourceTree = BUILT_PRODUCTS_DIR; };
/* End PBXFileReference section */

/* Begin PBXFileSystemSynchronizedRootGroup section */
		924664942D8D6AA800A41E62 /* USTopHeadLinesNews */ = {
			isa = PBXFileSystemSynchronizedRootGroup;
			path = USTopHeadLinesNews;
			sourceTree = "<group>";
		};
		924664A52D8D6AB100A41E62 /* USTopHeadLinesNewsTests */ = {
			isa = PBXFileSystemSynchronizedRootGroup;
			path = USTopHeadLinesNewsTests;
			sourceTree = "<group>";
		};
		924664AF2D8D6AB100A41E62 /* USTopHeadLinesNewsUITests */ = {
			isa = PBXFileSystemSynchronizedRootGroup;
			path = USTopHeadLinesNewsUITests;
			sourceTree = "<group>";
		};
/* End PBXFileSystemSynchronizedRootGroup section */

/* Begin PBXFrameworksBuildPhase section */
		9246648F2D8D6AA800A41E62 /* Frameworks */ = {
			isa = PBXFrameworksBuildPhase;
			buildActionMask = 2147483647;
			files = (
				924664C12D8D702000A41E62 /* Kingfisher in Frameworks */,
			);
			runOnlyForDeploymentPostprocessing = 0;
		};
		9246649F2D8D6AB100A41E62 /* Frameworks */ = {
			isa = PBXFrameworksBuildPhase;
			buildActionMask = 2147483647;
			files = (
			);
			runOnlyForDeploymentPostprocessing = 0;
		};
		924664A92D8D6AB100A41E62 /* Frameworks */ = {
			isa = PBXFrameworksBuildPhase;
			buildActionMask = 2147483647;
			files = (
			);
			runOnlyForDeploymentPostprocessing = 0;
		};
/* End PBXFrameworksBuildPhase section */

/* Begin PBXGroup section */
		924664892D8D6AA800A41E62 = {
			isa = PBXGroup;
			children = (
				924664942D8D6AA800A41E62 /* USTopHeadLinesNews */,
				924664A52D8D6AB100A41E62 /* USTopHeadLinesNewsTests */,
				924664AF2D8D6AB100A41E62 /* USTopHeadLinesNewsUITests */,
				924664932D8D6AA800A41E62 /* Products */,
			);
			sourceTree = "<group>";
		};
		924664932D8D6AA800A41E62 /* Products */ = {
			isa = PBXGroup;
			children = (
				924664922D8D6AA800A41E62 /* USTopHeadLinesNews.app */,
				924664A22D8D6AB100A41E62 /* USTopHeadLinesNewsTests.xctest */,
				924664AC2D8D6AB100A41E62 /* USTopHeadLinesNewsUITests.xctest */,
			);
			name = Products;
			sourceTree = "<group>";
		};
/* End PBXGroup section */

/* Begin PBXNativeTarget section */
		924664912D8D6AA800A41E62 /* USTopHeadLinesNews */ = {
			isa = PBXNativeTarget;
			buildConfigurationList = 924664B62D8D6AB100A41E62 /* Build configuration list for PBXNativeTarget "USTopHeadLinesNews" */;
			buildPhases = (
				9246648E2D8D6AA800A41E62 /* Sources */,
				9246648F2D8D6AA800A41E62 /* Frameworks */,
				924664902D8D6AA800A41E62 /* Resources */,
			);
			buildRules = (
			);
			dependencies = (
			);
			fileSystemSynchronizedGroups = (
				924664942D8D6AA800A41E62 /* USTopHeadLinesNews */,
			);
			name = USTopHeadLinesNews;
			packageProductDependencies = (
				924664C02D8D702000A41E62 /* Kingfisher */,
			);
			productName = USTopHeadLinesNews;
			productReference = 924664922D8D6AA800A41E62 /* USTopHeadLinesNews.app */;
			productType = "com.apple.product-type.application";
		};
		924664A12D8D6AB100A41E62 /* USTopHeadLinesNewsTests */ = {
			isa = PBXNativeTarget;
			buildConfigurationList = 924664B92D8D6AB100A41E62 /* Build configuration list for PBXNativeTarget "USTopHeadLinesNewsTests" */;
			buildPhases = (
				9246649E2D8D6AB100A41E62 /* Sources */,
				9246649F2D8D6AB100A41E62 /* Frameworks */,
				924664A02D8D6AB100A41E62 /* Resources */,
			);
			buildRules = (
			);
			dependencies = (
				924664A42D8D6AB100A41E62 /* PBXTargetDependency */,
			);
			fileSystemSynchronizedGroups = (
				924664A52D8D6AB100A41E62 /* USTopHeadLinesNewsTests */,
			);
			name = USTopHeadLinesNewsTests;
			packageProductDependencies = (
			);
			productName = USTopHeadLinesNewsTests;
			productReference = 924664A22D8D6AB100A41E62 /* USTopHeadLinesNewsTests.xctest */;
			productType = "com.apple.product-type.bundle.unit-test";
		};
		924664AB2D8D6AB100A41E62 /* USTopHeadLinesNewsUITests */ = {
			isa = PBXNativeTarget;
			buildConfigurationList = 924664BC2D8D6AB100A41E62 /* Build configuration list for PBXNativeTarget "USTopHeadLinesNewsUITests" */;
			buildPhases = (
				924664A82D8D6AB100A41E62 /* Sources */,
				924664A92D8D6AB100A41E62 /* Frameworks */,
				924664AA2D8D6AB100A41E62 /* Resources */,
			);
			buildRules = (
			);
			dependencies = (
				924664AE2D8D6AB100A41E62 /* PBXTargetDependency */,
			);
			fileSystemSynchronizedGroups = (
				924664AF2D8D6AB100A41E62 /* USTopHeadLinesNewsUITests */,
			);
			name = USTopHeadLinesNewsUITests;
			packageProductDependencies = (
			);
			productName = USTopHeadLinesNewsUITests;
			productReference = 924664AC2D8D6AB100A41E62 /* USTopHeadLinesNewsUITests.xctest */;
			productType = "com.apple.product-type.bundle.ui-testing";
		};
/* End PBXNativeTarget section */

/* Begin PBXProject section */
		9246648A2D8D6AA800A41E62 /* Project object */ = {
			isa = PBXProject;
			attributes = {
				BuildIndependentTargetsInParallel = 1;
				LastSwiftUpdateCheck = 1620;
				LastUpgradeCheck = 1620;
				TargetAttributes = {
					924664912D8D6AA800A41E62 = {
						CreatedOnToolsVersion = 16.2;
					};
					924664A12D8D6AB100A41E62 = {
						CreatedOnToolsVersion = 16.2;
						TestTargetID = 924664912D8D6AA800A41E62;
					};
					924664AB2D8D6AB100A41E62 = {
						CreatedOnToolsVersion = 16.2;
						TestTargetID = 924664912D8D6AA800A41E62;
					};
				};
			};
			buildConfigurationList = 9246648D2D8D6AA800A41E62 /* Build configuration list for PBXProject "USTopHeadLinesNews" */;
			developmentRegion = en;
			hasScannedForEncodings = 0;
			knownRegions = (
				en,
				Base,
			);
			mainGroup = 924664892D8D6AA800A41E62;
			minimizedProjectReferenceProxies = 1;
			packageReferences = (
				924664BF2D8D702000A41E62 /* XCRemoteSwiftPackageReference "Kingfisher" */,
			);
			preferredProjectObjectVersion = 77;
			productRefGroup = 924664932D8D6AA800A41E62 /* Products */;
			projectDirPath = "";
			projectRoot = "";
			targets = (
				924664912D8D6AA800A41E62 /* USTopHeadLinesNews */,
				924664A12D8D6AB100A41E62 /* USTopHeadLinesNewsTests */,
				924664AB2D8D6AB100A41E62 /* USTopHeadLinesNewsUITests */,
			);
		};
/* End PBXProject section */

/* Begin PBXResourcesBuildPhase section */
		924664902D8D6AA800A41E62 /* Resources */ = {
			isa = PBXResourcesBuildPhase;
			buildActionMask = 2147483647;
			files = (
			);
			runOnlyForDeploymentPostprocessing = 0;
		};
		924664A02D8D6AB100A41E62 /* Resources */ = {
			isa = PBXResourcesBuildPhase;
			buildActionMask = 2147483647;
			files = (
			);
			runOnlyForDeploymentPostprocessing = 0;
		};
		924664AA2D8D6AB100A41E62 /* Resources */ = {
			isa = PBXResourcesBuildPhase;
			buildActionMask = 2147483647;
			files = (
			);
			runOnlyForDeploymentPostprocessing = 0;
		};
/* End PBXResourcesBuildPhase section */

/* Begin PBXSourcesBuildPhase section */
		9246648E2D8D6AA800A41E62 /* Sources */ = {
			isa = PBXSourcesBuildPhase;
			buildActionMask = 2147483647;
			files = (
			);
			runOnlyForDeploymentPostprocessing = 0;
		};
		9246649E2D8D6AB100A41E62 /* Sources */ = {
			isa = PBXSourcesBuildPhase;
			buildActionMask = 2147483647;
			files = (
			);
			runOnlyForDeploymentPostprocessing = 0;
		};
		924664A82D8D6AB100A41E62 /* Sources */ = {
			isa = PBXSourcesBuildPhase;
			buildActionMask = 2147483647;
			files = (
			);
			runOnlyForDeploymentPostprocessing = 0;
		};
/* End PBXSourcesBuildPhase section */

/* Begin PBXTargetDependency section */
		924664A42D8D6AB100A41E62 /* PBXTargetDependency */ = {
			isa = PBXTargetDependency;
			target = 924664912D8D6AA800A41E62 /* USTopHeadLinesNews */;
			targetProxy = 924664A32D8D6AB100A41E62 /* PBXContainerItemProxy */;
		};
		924664AE2D8D6AB100A41E62 /* PBXTargetDependency */ = {
			isa = PBXTargetDependency;
			target = 924664912D8D6AA800A41E62 /* USTopHeadLinesNews */;
			targetProxy = 924664AD2D8D6AB100A41E62 /* PBXContainerItemProxy */;
		};
/* End PBXTargetDependency section */

/* Begin XCBuildConfiguration section */
		924664B42D8D6AB100A41E62 /* Debug */ = {
			isa = XCBuildConfiguration;
			buildSettings = {
				ALWAYS_SEARCH_USER_PATHS = NO;
				ASSETCATALOG_COMPILER_GENERATE_SWIFT_ASSET_SYMBOL_EXTENSIONS = YES;
				CLANG_ANALYZER_NONNULL = YES;
				CLANG_ANALYZER_NUMBER_OBJECT_CONVERSION = YES_AGGRESSIVE;
				CLANG_CXX_LANGUAGE_STANDARD = "gnu++20";
				CLANG_ENABLE_MODULES = YES;
				CLANG_ENABLE_OBJC_ARC = YES;
				CLANG_ENABLE_OBJC_WEAK = YES;
				CLANG_WARN_BLOCK_CAPTURE_AUTORELEASING = YES;
				CLANG_WARN_BOOL_CONVERSION = YES;
				CLANG_WARN_COMMA = YES;
				CLANG_WARN_CONSTANT_CONVERSION = YES;
				CLANG_WARN_DEPRECATED_OBJC_IMPLEMENTATIONS = YES;
				CLANG_WARN_DIRECT_OBJC_ISA_USAGE = YES_ERROR;
				CLANG_WARN_DOCUMENTATION_COMMENTS = YES;
				CLANG_WARN_EMPTY_BODY = YES;
				CLANG_WARN_ENUM_CONVERSION = YES;
				CLANG_WARN_INFINITE_RECURSION = YES;
				CLANG_WARN_INT_CONVERSION = YES;
				CLANG_WARN_NON_LITERAL_NULL_CONVERSION = YES;
				CLANG_WARN_OBJC_IMPLICIT_RETAIN_SELF = YES;
				CLANG_WARN_OBJC_LITERAL_CONVERSION = YES;
				CLANG_WARN_OBJC_ROOT_CLASS = YES_ERROR;
				CLANG_WARN_QUOTED_INCLUDE_IN_FRAMEWORK_HEADER = YES;
				CLANG_WARN_RANGE_LOOP_ANALYSIS = YES;
				CLANG_WARN_STRICT_PROTOTYPES = YES;
				CLANG_WARN_SUSPICIOUS_MOVE = YES;
				CLANG_WARN_UNGUARDED_AVAILABILITY = YES_AGGRESSIVE;
				CLANG_WARN_UNREACHABLE_CODE = YES;
				CLANG_WARN__DUPLICATE_METHOD_MATCH = YES;
				COPY_PHASE_STRIP = NO;
				DEBUG_INFORMATION_FORMAT = dwarf;
				ENABLE_STRICT_OBJC_MSGSEND = YES;
				ENABLE_TESTABILITY = YES;
				ENABLE_USER_SCRIPT_SANDBOXING = YES;
				GCC_C_LANGUAGE_STANDARD = gnu17;
				GCC_DYNAMIC_NO_PIC = NO;
				GCC_NO_COMMON_BLOCKS = YES;
				GCC_OPTIMIZATION_LEVEL = 0;
				GCC_PREPROCESSOR_DEFINITIONS = (
					"DEBUG=1",
					"$(inherited)",
				);
				GCC_WARN_64_TO_32_BIT_CONVERSION = YES;
				GCC_WARN_ABOUT_RETURN_TYPE = YES_ERROR;
				GCC_WARN_UNDECLARED_SELECTOR = YES;
				GCC_WARN_UNINITIALIZED_AUTOS = YES_AGGRESSIVE;
				GCC_WARN_UNUSED_FUNCTION = YES;
				GCC_WARN_UNUSED_VARIABLE = YES;
				IPHONEOS_DEPLOYMENT_TARGET = 18.2;
				LOCALIZATION_PREFERS_STRING_CATALOGS = YES;
				MTL_ENABLE_DEBUG_INFO = INCLUDE_SOURCE;
				MTL_FAST_MATH = YES;
				ONLY_ACTIVE_ARCH = YES;
				SDKROOT = iphoneos;
				SWIFT_ACTIVE_COMPILATION_CONDITIONS = "DEBUG $(inherited)";
				SWIFT_OPTIMIZATION_LEVEL = "-Onone";
			};
			name = Debug;
		};
		924664B52D8D6AB100A41E62 /* Release */ = {
			isa = XCBuildConfiguration;
			buildSettings = {
				ALWAYS_SEARCH_USER_PATHS = NO;
				ASSETCATALOG_COMPILER_GENERATE_SWIFT_ASSET_SYMBOL_EXTENSIONS = YES;
				CLANG_ANALYZER_NONNULL = YES;
				CLANG_ANALYZER_NUMBER_OBJECT_CONVERSION = YES_AGGRESSIVE;
				CLANG_CXX_LANGUAGE_STANDARD = "gnu++20";
				CLANG_ENABLE_MODULES = YES;
				CLANG_ENABLE_OBJC_ARC = YES;
				CLANG_ENABLE_OBJC_WEAK = YES;
				CLANG_WARN_BLOCK_CAPTURE_AUTORELEASING = YES;
				CLANG_WARN_BOOL_CONVERSION = YES;
				CLANG_WARN_COMMA = YES;
				CLANG_WARN_CONSTANT_CONVERSION = YES;
				CLANG_WARN_DEPRECATED_OBJC_IMPLEMENTATIONS = YES;
				CLANG_WARN_DIRECT_OBJC_ISA_USAGE = YES_ERROR;
				CLANG_WARN_DOCUMENTATION_COMMENTS = YES;
				CLANG_WARN_EMPTY_BODY = YES;
				CLANG_WARN_ENUM_CONVERSION = YES;
				CLANG_WARN_INFINITE_RECURSION = YES;
				CLANG_WARN_INT_CONVERSION = YES;
				CLANG_WARN_NON_LITERAL_NULL_CONVERSION = YES;
				CLANG_WARN_OBJC_IMPLICIT_RETAIN_SELF = YES;
				CLANG_WARN_OBJC_LITERAL_CONVERSION = YES;
				CLANG_WARN_OBJC_ROOT_CLASS = YES_ERROR;
				CLANG_WARN_QUOTED_INCLUDE_IN_FRAMEWORK_HEADER = YES;
				CLANG_WARN_RANGE_LOOP_ANALYSIS = YES;
				CLANG_WARN_STRICT_PROTOTYPES = YES;
				CLANG_WARN_SUSPICIOUS_MOVE = YES;
				CLANG_WARN_UNGUARDED_AVAILABILITY = YES_AGGRESSIVE;
				CLANG_WARN_UNREACHABLE_CODE = YES;
				CLANG_WARN__DUPLICATE_METHOD_MATCH = YES;
				COPY_PHASE_STRIP = NO;
				DEBUG_INFORMATION_FORMAT = "dwarf-with-dsym";
				ENABLE_NS_ASSERTIONS = NO;
				ENABLE_STRICT_OBJC_MSGSEND = YES;
				ENABLE_USER_SCRIPT_SANDBOXING = YES;
				GCC_C_LANGUAGE_STANDARD = gnu17;
				GCC_NO_COMMON_BLOCKS = YES;
				GCC_WARN_64_TO_32_BIT_CONVERSION = YES;
				GCC_WARN_ABOUT_RETURN_TYPE = YES_ERROR;
				GCC_WARN_UNDECLARED_SELECTOR = YES;
				GCC_WARN_UNINITIALIZED_AUTOS = YES_AGGRESSIVE;
				GCC_WARN_UNUSED_FUNCTION = YES;
				GCC_WARN_UNUSED_VARIABLE = YES;
				IPHONEOS_DEPLOYMENT_TARGET = 18.2;
				LOCALIZATION_PREFERS_STRING_CATALOGS = YES;
				MTL_ENABLE_DEBUG_INFO = NO;
				MTL_FAST_MATH = YES;
				SDKROOT = iphoneos;
				SWIFT_COMPILATION_MODE = wholemodule;
				VALIDATE_PRODUCT = YES;
			};
			name = Release;
		};
		924664B72D8D6AB100A41E62 /* Debug */ = {
			isa = XCBuildConfiguration;
			buildSettings = {
				ASSETCATALOG_COMPILER_APPICON_NAME = AppIcon;
				ASSETCATALOG_COMPILER_GLOBAL_ACCENT_COLOR_NAME = AccentColor;
				CODE_SIGN_STYLE = Automatic;
				CURRENT_PROJECT_VERSION = 1;
				DEVELOPMENT_ASSET_PATHS = "\"USTopHeadLinesNews/Preview Content\"";
				ENABLE_PREVIEWS = YES;
				GENERATE_INFOPLIST_FILE = YES;
				INFOPLIST_KEY_UIApplicationSceneManifest_Generation = YES;
				INFOPLIST_KEY_UIApplicationSupportsIndirectInputEvents = YES;
				INFOPLIST_KEY_UILaunchScreen_Generation = YES;
				INFOPLIST_KEY_UISupportedInterfaceOrientations_iPad = "UIInterfaceOrientationPortrait UIInterfaceOrientationPortraitUpsideDown UIInterfaceOrientationLandscapeLeft UIInterfaceOrientationLandscapeRight";
				INFOPLIST_KEY_UISupportedInterfaceOrientations_iPhone = "UIInterfaceOrientationPortrait UIInterfaceOrientationLandscapeLeft UIInterfaceOrientationLandscapeRight";
				LD_RUNPATH_SEARCH_PATHS = (
					"$(inherited)",
					"@executable_path/Frameworks",
				);
				MARKETING_VERSION = 1.0;
				PRODUCT_BUNDLE_IDENTIFIER = "Apple-Development.USTopHeadLinesNews";
				PRODUCT_NAME = "$(TARGET_NAME)";
				SWIFT_EMIT_LOC_STRINGS = YES;
				SWIFT_VERSION = 5.0;
				TARGETED_DEVICE_FAMILY = "1,2";
			};
			name = Debug;
		};
		924664B82D8D6AB100A41E62 /* Release */ = {
			isa = XCBuildConfiguration;
			buildSettings = {
				ASSETCATALOG_COMPILER_APPICON_NAME = AppIcon;
				ASSETCATALOG_COMPILER_GLOBAL_ACCENT_COLOR_NAME = AccentColor;
				CODE_SIGN_STYLE = Automatic;
				CURRENT_PROJECT_VERSION = 1;
				DEVELOPMENT_ASSET_PATHS = "\"USTopHeadLinesNews/Preview Content\"";
				ENABLE_PREVIEWS = YES;
				GENERATE_INFOPLIST_FILE = YES;
				INFOPLIST_KEY_UIApplicationSceneManifest_Generation = YES;
				INFOPLIST_KEY_UIApplicationSupportsIndirectInputEvents = YES;
				INFOPLIST_KEY_UILaunchScreen_Generation = YES;
				INFOPLIST_KEY_UISupportedInterfaceOrientations_iPad = "UIInterfaceOrientationPortrait UIInterfaceOrientationPortraitUpsideDown UIInterfaceOrientationLandscapeLeft UIInterfaceOrientationLandscapeRight";
				INFOPLIST_KEY_UISupportedInterfaceOrientations_iPhone = "UIInterfaceOrientationPortrait UIInterfaceOrientationLandscapeLeft UIInterfaceOrientationLandscapeRight";
				LD_RUNPATH_SEARCH_PATHS = (
					"$(inherited)",
					"@executable_path/Frameworks",
				);
				MARKETING_VERSION = 1.0;
				PRODUCT_BUNDLE_IDENTIFIER = "Apple-Development.USTopHeadLinesNews";
				PRODUCT_NAME = "$(TARGET_NAME)";
				SWIFT_EMIT_LOC_STRINGS = YES;
				SWIFT_VERSION = 5.0;
				TARGETED_DEVICE_FAMILY = "1,2";
			};
			name = Release;
		};
		924664BA2D8D6AB100A41E62 /* Debug */ = {
			isa = XCBuildConfiguration;
			buildSettings = {
				BUNDLE_LOADER = "$(TEST_HOST)";
				CODE_SIGN_STYLE = Automatic;
				CURRENT_PROJECT_VERSION = 1;
				GENERATE_INFOPLIST_FILE = YES;
				IPHONEOS_DEPLOYMENT_TARGET = 18.2;
				MARKETING_VERSION = 1.0;
				PRODUCT_BUNDLE_IDENTIFIER = "Apple-Development.USTopHeadLinesNewsTests";
				PRODUCT_NAME = "$(TARGET_NAME)";
				SWIFT_EMIT_LOC_STRINGS = NO;
				SWIFT_VERSION = 5.0;
				TARGETED_DEVICE_FAMILY = "1,2";
				TEST_HOST = "$(BUILT_PRODUCTS_DIR)/USTopHeadLinesNews.app/$(BUNDLE_EXECUTABLE_FOLDER_PATH)/USTopHeadLinesNews";
			};
			name = Debug;
		};
		924664BB2D8D6AB100A41E62 /* Release */ = {
			isa = XCBuildConfiguration;
			buildSettings = {
				BUNDLE_LOADER = "$(TEST_HOST)";
				CODE_SIGN_STYLE = Automatic;
				CURRENT_PROJECT_VERSION = 1;
				GENERATE_INFOPLIST_FILE = YES;
				IPHONEOS_DEPLOYMENT_TARGET = 18.2;
				MARKETING_VERSION = 1.0;
				PRODUCT_BUNDLE_IDENTIFIER = "Apple-Development.USTopHeadLinesNewsTests";
				PRODUCT_NAME = "$(TARGET_NAME)";
				SWIFT_EMIT_LOC_STRINGS = NO;
				SWIFT_VERSION = 5.0;
				TARGETED_DEVICE_FAMILY = "1,2";
				TEST_HOST = "$(BUILT_PRODUCTS_DIR)/USTopHeadLinesNews.app/$(BUNDLE_EXECUTABLE_FOLDER_PATH)/USTopHeadLinesNews";
			};
			name = Release;
		};
		924664BD2D8D6AB100A41E62 /* Debug */ = {
			isa = XCBuildConfiguration;
			buildSettings = {
				CODE_SIGN_STYLE = Automatic;
				CURRENT_PROJECT_VERSION = 1;
				GENERATE_INFOPLIST_FILE = YES;
				MARKETING_VERSION = 1.0;
				PRODUCT_BUNDLE_IDENTIFIER = "Apple-Development.USTopHeadLinesNewsUITests";
				PRODUCT_NAME = "$(TARGET_NAME)";
				SWIFT_EMIT_LOC_STRINGS = NO;
				SWIFT_VERSION = 5.0;
				TARGETED_DEVICE_FAMILY = "1,2";
				TEST_TARGET_NAME = USTopHeadLinesNews;
			};
			name = Debug;
		};
		924664BE2D8D6AB100A41E62 /* Release */ = {
			isa = XCBuildConfiguration;
			buildSettings = {
				CODE_SIGN_STYLE = Automatic;
				CURRENT_PROJECT_VERSION = 1;
				GENERATE_INFOPLIST_FILE = YES;
				MARKETING_VERSION = 1.0;
				PRODUCT_BUNDLE_IDENTIFIER = "Apple-Development.USTopHeadLinesNewsUITests";
				PRODUCT_NAME = "$(TARGET_NAME)";
				SWIFT_EMIT_LOC_STRINGS = NO;
				SWIFT_VERSION = 5.0;
				TARGETED_DEVICE_FAMILY = "1,2";
				TEST_TARGET_NAME = USTopHeadLinesNews;
			};
			name = Release;
		};
/* End XCBuildConfiguration section */

/* Begin XCConfigurationList section */
		9246648D2D8D6AA800A41E62 /* Build configuration list for PBXProject "USTopHeadLinesNews" */ = {
			isa = XCConfigurationList;
			buildConfigurations = (
				924664B42D8D6AB100A41E62 /* Debug */,
				924664B52D8D6AB100A41E62 /* Release */,
			);
			defaultConfigurationIsVisible = 0;
			defaultConfigurationName = Release;
		};
		924664B62D8D6AB100A41E62 /* Build configuration list for PBXNativeTarget "USTopHeadLinesNews" */ = {
			isa = XCConfigurationList;
			buildConfigurations = (
				924664B72D8D6AB100A41E62 /* Debug */,
				924664B82D8D6AB100A41E62 /* Release */,
			);
			defaultConfigurationIsVisible = 0;
			defaultConfigurationName = Release;
		};
		924664B92D8D6AB100A41E62 /* Build configuration list for PBXNativeTarget "USTopHeadLinesNewsTests" */ = {
			isa = XCConfigurationList;
			buildConfigurations = (
				924664BA2D8D6AB100A41E62 /* Debug */,
				924664BB2D8D6AB100A41E62 /* Release */,
			);
			defaultConfigurationIsVisible = 0;
			defaultConfigurationName = Release;
		};
		924664BC2D8D6AB100A41E62 /* Build configuration list for PBXNativeTarget "USTopHeadLinesNewsUITests" */ = {
			isa = XCConfigurationList;
			buildConfigurations = (
				924664BD2D8D6AB100A41E62 /* Debug */,
				924664BE2D8D6AB100A41E62 /* Release */,
			);
			defaultConfigurationIsVisible = 0;
			defaultConfigurationName = Release;
		};
/* End XCConfigurationList section */

/* Begin XCRemoteSwiftPackageReference section */
		924664BF2D8D702000A41E62 /* XCRemoteSwiftPackageReference "Kingfisher" */ = {
			isa = XCRemoteSwiftPackageReference;
			repositoryURL = "https://github.com/onevcat/Kingfisher.git";
			requirement = {
				kind = upToNextMajorVersion;
				minimumVersion = 8.3.1;
			};
		};
/* End XCRemoteSwiftPackageReference section */

/* Begin XCSwiftPackageProductDependency section */
		924664C02D8D702000A41E62 /* Kingfisher */ = {
			isa = XCSwiftPackageProductDependency;
			package = 924664BF2D8D702000A41E62 /* XCRemoteSwiftPackageReference "Kingfisher" */;
			productName = Kingfisher;
		};
/* End XCSwiftPackageProductDependency section */
	};
	rootObject = 9246648A2D8D6AA800A41E62 /* Project object */;
}
